
Microsoft Visual Studio Solution File, Format Version 12.00
# Visual Studio Version 16
VisualStudioVersion = 16.0.29911.84
MinimumVisualStudioVersion = 10.0.40219.1
Project("{FAE04EC0-301F-11D3-BF4B-00C04F79EFBC}") = "Laboratorio 1", "Laboratorio 1\Laboratorio 1.csproj", "{46482A9C-CA24-4BEF-9D8C-DF6E7A6BDA56}"
EndProject
Global
	GlobalSection(SolutionConfigurationPlatforms) = preSolution
		Debug|Any CPU = Debug|Any CPU
		Release|Any CPU = Release|Any CPU
	EndGlobalSection
	GlobalSection(ProjectConfigurationPlatforms) = postSolution
		{46482A9C-CA24-4BEF-9D8C-DF6E7A6BDA56}.Debug|Any CPU.ActiveCfg = Debug|Any CPU
		{46482A9C-CA24-4BEF-9D8C-DF6E7A6BDA56}.Debug|Any CPU.Build.0 = Debug|Any CPU
		{46482A9C-CA24-4BEF-9D8C-DF6E7A6BDA56}.Release|Any CPU.ActiveCfg = Release|Any CPU
		{46482A9C-CA24-4BEF-9D8C-DF6E7A6BDA56}.Release|Any CPU.Build.0 = Release|Any CPU
	EndGlobalSection
	GlobalSection(SolutionProperties) = preSolution
		HideSolutionNode = FALSE
	EndGlobalSection
	GlobalSection(ExtensibilityGlobals) = postSolution
		SolutionGuid = {0F258901-E5A1-42A9-B87A-DC441DAE9480}
	EndGlobalSection
EndGlobal
